// !$*UTF8*$!
{
	archiveVersion = 1;
	classes = {
	};
	objectVersion = 50;
	objects = {

/* Begin PBXBuildFile section */
		6204EC3C26400C56008BA157 /* ContentView.swift in Sources */ = {isa = PBXBuildFile; fileRef = 6204EC3B26400C56008BA157 /* ContentView.swift */; };
		6204EC3E26400D01008BA157 /* Settings.swift in Sources */ = {isa = PBXBuildFile; fileRef = 6204EC3D26400D01008BA157 /* Settings.swift */; };
		6204EC4026400F5A008BA157 /* History.swift in Sources */ = {isa = PBXBuildFile; fileRef = 6204EC3F26400F5A008BA157 /* History.swift */; };
		6217C1E9263EE6A10092A20F /* MonopolySwiftUIApp.swift in Sources */ = {isa = PBXBuildFile; fileRef = 6217C1E8263EE6A10092A20F /* MonopolySwiftUIApp.swift */; };
		6217C1EB263EE6A10092A20F /* HomeView.swift in Sources */ = {isa = PBXBuildFile; fileRef = 6217C1EA263EE6A10092A20F /* HomeView.swift */; };
		6217C1ED263EE6A50092A20F /* Assets.xcassets in Resources */ = {isa = PBXBuildFile; fileRef = 6217C1EC263EE6A50092A20F /* Assets.xcassets */; };
		6217C1F0263EE6A50092A20F /* Preview Assets.xcassets in Resources */ = {isa = PBXBuildFile; fileRef = 6217C1EF263EE6A50092A20F /* Preview Assets.xcassets */; };
		6217C1F8263EE70D0092A20F /* CardView.swift in Sources */ = {isa = PBXBuildFile; fileRef = 6217C1F7263EE70D0092A20F /* CardView.swift */; };
		6217C1FA263EED840092A20F /* Calculator.swift in Sources */ = {isa = PBXBuildFile; fileRef = 6217C1F9263EED840092A20F /* Calculator.swift */; };
		62793485264945D100A91883 /* HistoryData.swift in Sources */ = {isa = PBXBuildFile; fileRef = 62793484264945D100A91883 /* HistoryData.swift */; };
/* End PBXBuildFile section */

/* Begin PBXFileReference section */
		6204EC3B26400C56008BA157 /* ContentView.swift */ = {isa = PBXFileReference; lastKnownFileType = sourcecode.swift; path = ContentView.swift; sourceTree = "<group>"; };
		6204EC3D26400D01008BA157 /* Settings.swift */ = {isa = PBXFileReference; lastKnownFileType = sourcecode.swift; path = Settings.swift; sourceTree = "<group>"; };
		6204EC3F26400F5A008BA157 /* History.swift */ = {isa = PBXFileReference; lastKnownFileType = sourcecode.swift; path = History.swift; sourceTree = "<group>"; };
		6217C1E5263EE6A10092A20F /* MonopolySwiftUI.app */ = {isa = PBXFileReference; explicitFileType = wrapper.application; includeInIndex = 0; path = MonopolySwiftUI.app; sourceTree = BUILT_PRODUCTS_DIR; };
		6217C1E8263EE6A10092A20F /* MonopolySwiftUIApp.swift */ = {isa = PBXFileReference; lastKnownFileType = sourcecode.swift; path = MonopolySwiftUIApp.swift; sourceTree = "<group>"; };
		6217C1EA263EE6A10092A20F /* HomeView.swift */ = {isa = PBXFileReference; lastKnownFileType = sourcecode.swift; path = HomeView.swift; sourceTree = "<group>"; };
		6217C1EC263EE6A50092A20F /* Assets.xcassets */ = {isa = PBXFileReference; lastKnownFileType = folder.assetcatalog; path = Assets.xcassets; sourceTree = "<group>"; };
		6217C1EF263EE6A50092A20F /* Preview Assets.xcassets */ = {isa = PBXFileReference; lastKnownFileType = folder.assetcatalog; path = "Preview Assets.xcassets"; sourceTree = "<group>"; };
		6217C1F1263EE6A50092A20F /* Info.plist */ = {isa = PBXFileReference; lastKnownFileType = text.plist.xml; path = Info.plist; sourceTree = "<group>"; };
		6217C1F7263EE70D0092A20F /* CardView.swift */ = {isa = PBXFileReference; lastKnownFileType = sourcecode.swift; path = CardView.swift; sourceTree = "<group>"; };
		6217C1F9263EED840092A20F /* Calculator.swift */ = {isa = PBXFileReference; lastKnownFileType = sourcecode.swift; path = Calculator.swift; sourceTree = "<group>"; };
		62793484264945D100A91883 /* HistoryData.swift */ = {isa = PBXFileReference; lastKnownFileType = sourcecode.swift; path = HistoryData.swift; sourceTree = "<group>"; };
/* End PBXFileReference section */

/* Begin PBXFrameworksBuildPhase section */
		6217C1E2263EE6A10092A20F /* Frameworks */ = {
			isa = PBXFrameworksBuildPhase;
			buildActionMask = 2147483647;
			files = (
			);
			runOnlyForDeploymentPostprocessing = 0;
		};
/* End PBXFrameworksBuildPhase section */

/* Begin PBXGroup section */
		6217C1DC263EE6A10092A20F = {
			isa = PBXGroup;
			children = (
				6217C1E7263EE6A10092A20F /* MonopolySwiftUI */,
				6217C1E6263EE6A10092A20F /* Products */,
			);
			sourceTree = "<group>";
		};
		6217C1E6263EE6A10092A20F /* Products */ = {
			isa = PBXGroup;
			children = (
				6217C1E5263EE6A10092A20F /* MonopolySwiftUI.app */,
			);
			name = Products;
			sourceTree = "<group>";
		};
		6217C1E7263EE6A10092A20F /* MonopolySwiftUI */ = {
			isa = PBXGroup;
			children = (
				6217C1E8263EE6A10092A20F /* MonopolySwiftUIApp.swift */,
				6204EC3B26400C56008BA157 /* ContentView.swift */,
				6217C1EA263EE6A10092A20F /* HomeView.swift */,
				6217C1F7263EE70D0092A20F /* CardView.swift */,
				6217C1F9263EED840092A20F /* Calculator.swift */,
				6204EC3D26400D01008BA157 /* Settings.swift */,
				6204EC3F26400F5A008BA157 /* History.swift */,
				62793484264945D100A91883 /* HistoryData.swift */,
				6217C1EC263EE6A50092A20F /* Assets.xcassets */,
				6217C1F1263EE6A50092A20F /* Info.plist */,
				6217C1EE263EE6A50092A20F /* Preview Content */,
			);
			path = MonopolySwiftUI;
			sourceTree = "<group>";
		};
		6217C1EE263EE6A50092A20F /* Preview Content */ = {
			isa = PBXGroup;
			children = (
				6217C1EF263EE6A50092A20F /* Preview Assets.xcassets */,
			);
			path = "Preview Content";
			sourceTree = "<group>";
		};
/* End PBXGroup section */

/* Begin PBXNativeTarget section */
		6217C1E4263EE6A10092A20F /* MonopolySwiftUI */ = {
			isa = PBXNativeTarget;
			buildConfigurationList = 6217C1F4263EE6A60092A20F /* Build configuration list for PBXNativeTarget "MonopolySwiftUI" */;
			buildPhases = (
				6217C1E1263EE6A10092A20F /* Sources */,
				6217C1E2263EE6A10092A20F /* Frameworks */,
				6217C1E3263EE6A10092A20F /* Resources */,
			);
			buildRules = (
			);
			dependencies = (
			);
			name = MonopolySwiftUI;
			productName = MonopolySwiftUI;
			productReference = 6217C1E5263EE6A10092A20F /* MonopolySwiftUI.app */;
			productType = "com.apple.product-type.application";
		};
/* End PBXNativeTarget section */

/* Begin PBXProject section */
		6217C1DD263EE6A10092A20F /* Project object */ = {
			isa = PBXProject;
			attributes = {
				LastSwiftUpdateCheck = 1250;
				LastUpgradeCheck = 1250;
				TargetAttributes = {
					6217C1E4263EE6A10092A20F = {
						CreatedOnToolsVersion = 12.5;
					};
				};
			};
			buildConfigurationList = 6217C1E0263EE6A10092A20F /* Build configuration list for PBXProject "MonopolySwiftUI" */;
			compatibilityVersion = "Xcode 9.3";
			developmentRegion = en;
			hasScannedForEncodings = 0;
			knownRegions = (
				en,
				Base,
			);
			mainGroup = 6217C1DC263EE6A10092A20F;
			productRefGroup = 6217C1E6263EE6A10092A20F /* Products */;
			projectDirPath = "";
			projectRoot = "";
			targets = (
				6217C1E4263EE6A10092A20F /* MonopolySwiftUI */,
			);
		};
/* End PBXProject section */

/* Begin PBXResourcesBuildPhase section */
		6217C1E3263EE6A10092A20F /* Resources */ = {
			isa = PBXResourcesBuildPhase;
			buildActionMask = 2147483647;
			files = (
				6217C1F0263EE6A50092A20F /* Preview Assets.xcassets in Resources */,
				6217C1ED263EE6A50092A20F /* Assets.xcassets in Resources */,
			);
			runOnlyForDeploymentPostprocessing = 0;
		};
/* End PBXResourcesBuildPhase section */

/* Begin PBXSourcesBuildPhase section */
		6217C1E1263EE6A10092A20F /* Sources */ = {
			isa = PBXSourcesBuildPhase;
			buildActionMask = 2147483647;
			files = (
				62793485264945D100A91883 /* HistoryData.swift in Sources */,
				6204EC3E26400D01008BA157 /* Settings.swift in Sources */,
				6217C1EB263EE6A10092A20F /* HomeView.swift in Sources */,
				6204EC4026400F5A008BA157 /* History.swift in Sources */,
				6204EC3C26400C56008BA157 /* ContentView.swift in Sources */,
				6217C1FA263EED840092A20F /* Calculator.swift in Sources */,
				6217C1F8263EE70D0092A20F /* CardView.swift in Sources */,
				6217C1E9263EE6A10092A20F /* MonopolySwiftUIApp.swift in Sources */,
			);
			runOnlyForDeploymentPostprocessing = 0;
		};
/* End PBXSourcesBuildPhase section */

/* Begin XCBuildConfiguration section */
		6217C1F2263EE6A50092A20F /* Debug */ = {
			isa = XCBuildConfiguration;
			buildSettings = {
				ALWAYS_SEARCH_USER_PATHS = NO;
				CLANG_ANALYZER_NONNULL = YES;
				CLANG_ANALYZER_NUMBER_OBJECT_CONVERSION = YES_AGGRESSIVE;
				CLANG_CXX_LANGUAGE_STANDARD = "gnu++14";
				CLANG_CXX_LIBRARY = "libc++";
				CLANG_ENABLE_MODULES = YES;
				CLANG_ENABLE_OBJC_ARC = YES;
				CLANG_ENABLE_OBJC_WEAK = YES;
				CLANG_WARN_BLOCK_CAPTURE_AUTORELEASING = YES;
				CLANG_WARN_BOOL_CONVERSION = YES;
				CLANG_WARN_COMMA = YES;
				CLANG_WARN_CONSTANT_CONVERSION = YES;
				CLANG_WARN_DEPRECATED_OBJC_IMPLEMENTATIONS = YES;
				CLANG_WARN_DIRECT_OBJC_ISA_USAGE = YES_ERROR;
				CLANG_WARN_DOCUMENTATION_COMMENTS = YES;
				CLANG_WARN_EMPTY_BODY = YES;
				CLANG_WARN_ENUM_CONVERSION = YES;
				CLANG_WARN_INFINITE_RECURSION = YES;
				CLANG_WARN_INT_CONVERSION = YES;
				CLANG_WARN_NON_LITERAL_NULL_CONVERSION = YES;
				CLANG_WARN_OBJC_IMPLICIT_RETAIN_SELF = YES;
				CLANG_WARN_OBJC_LITERAL_CONVERSION = YES;
				CLANG_WARN_OBJC_ROOT_CLASS = YES_ERROR;
				CLANG_WARN_QUOTED_INCLUDE_IN_FRAMEWORK_HEADER = YES;
				CLANG_WARN_RANGE_LOOP_ANALYSIS = YES;
				CLANG_WARN_STRICT_PROTOTYPES = YES;
				CLANG_WARN_SUSPICIOUS_MOVE = YES;
				CLANG_WARN_UNGUARDED_AVAILABILITY = YES_AGGRESSIVE;
				CLANG_WARN_UNREACHABLE_CODE = YES;
				CLANG_WARN__DUPLICATE_METHOD_MATCH = YES;
				COPY_PHASE_STRIP = NO;
				DEBUG_INFORMATION_FORMAT = dwarf;
				ENABLE_STRICT_OBJC_MSGSEND = YES;
				ENABLE_TESTABILITY = YES;
				GCC_C_LANGUAGE_STANDARD = gnu11;
				GCC_DYNAMIC_NO_PIC = NO;
				GCC_NO_COMMON_BLOCKS = YES;
				GCC_OPTIMIZATION_LEVEL = 0;
				GCC_PREPROCESSOR_DEFINITIONS = (
					"DEBUG=1",
					"$(inherited)",
				);
				GCC_WARN_64_TO_32_BIT_CONVERSION = YES;
				GCC_WARN_ABOUT_RETURN_TYPE = YES_ERROR;
				GCC_WARN_UNDECLARED_SELECTOR = YES;
				GCC_WARN_UNINITIALIZED_AUTOS = YES_AGGRESSIVE;
				GCC_WARN_UNUSED_FUNCTION = YES;
				GCC_WARN_UNUSED_VARIABLE = YES;
				IPHONEOS_DEPLOYMENT_TARGET = 14.5;
				MTL_ENABLE_DEBUG_INFO = INCLUDE_SOURCE;
				MTL_FAST_MATH = YES;
				ONLY_ACTIVE_ARCH = YES;
				SDKROOT = iphoneos;
				SWIFT_ACTIVE_COMPILATION_CONDITIONS = DEBUG;
				SWIFT_OPTIMIZATION_LEVEL = "-Onone";
			};
			name = Debug;
		};
		6217C1F3263EE6A50092A20F /* Release */ = {
			isa = XCBuildConfiguration;
			buildSettings = {
				ALWAYS_SEARCH_USER_PATHS = NO;
				CLANG_ANALYZER_NONNULL = YES;
				CLANG_ANALYZER_NUMBER_OBJECT_CONVERSION = YES_AGGRESSIVE;
				CLANG_CXX_LANGUAGE_STANDARD = "gnu++14";
				CLANG_CXX_LIBRARY = "libc++";
				CLANG_ENABLE_MODULES = YES;
				CLANG_ENABLE_OBJC_ARC = YES;
				CLANG_ENABLE_OBJC_WEAK = YES;
				CLANG_WARN_BLOCK_CAPTURE_AUTORELEASING = YES;
				CLANG_WARN_BOOL_CONVERSION = YES;
				CLANG_WARN_COMMA = YES;
				CLANG_WARN_CONSTANT_CONVERSION = YES;
				CLANG_WARN_DEPRECATED_OBJC_IMPLEMENTATIONS = YES;
				CLANG_WARN_DIRECT_OBJC_ISA_USAGE = YES_ERROR;
				CLANG_WARN_DOCUMENTATION_COMMENTS = YES;
				CLANG_WARN_EMPTY_BODY = YES;
				CLANG_WARN_ENUM_CONVERSION = YES;
				CLANG_WARN_INFINITE_RECURSION = YES;
				CLANG_WARN_INT_CONVERSION = YES;
				CLANG_WARN_NON_LITERAL_NULL_CONVERSION = YES;
				CLANG_WARN_OBJC_IMPLICIT_RETAIN_SELF = YES;
				CLANG_WARN_OBJC_LITERAL_CONVERSION = YES;
				CLANG_WARN_OBJC_ROOT_CLASS = YES_ERROR;
				CLANG_WARN_QUOTED_INCLUDE_IN_FRAMEWORK_HEADER = YES;
				CLANG_WARN_RANGE_LOOP_ANALYSIS = YES;
				CLANG_WARN_STRICT_PROTOTYPES = YES;
				CLANG_WARN_SUSPICIOUS_MOVE = YES;
				CLANG_WARN_UNGUARDED_AVAILABILITY = YES_AGGRESSIVE;
				CLANG_WARN_UNREACHABLE_CODE = YES;
				CLANG_WARN__DUPLICATE_METHOD_MATCH = YES;
				COPY_PHASE_STRIP = NO;
				DEBUG_INFORMATION_FORMAT = "dwarf-with-dsym";
				ENABLE_NS_ASSERTIONS = NO;
				ENABLE_STRICT_OBJC_MSGSEND = YES;
				GCC_C_LANGUAGE_STANDARD = gnu11;
				GCC_NO_COMMON_BLOCKS = YES;
				GCC_WARN_64_TO_32_BIT_CONVERSION = YES;
				GCC_WARN_ABOUT_RETURN_TYPE = YES_ERROR;
				GCC_WARN_UNDECLARED_SELECTOR = YES;
				GCC_WARN_UNINITIALIZED_AUTOS = YES_AGGRESSIVE;
				GCC_WARN_UNUSED_FUNCTION = YES;
				GCC_WARN_UNUSED_VARIABLE = YES;
				IPHONEOS_DEPLOYMENT_TARGET = 14.5;
				MTL_ENABLE_DEBUG_INFO = NO;
				MTL_FAST_MATH = YES;
				SDKROOT = iphoneos;
				SWIFT_COMPILATION_MODE = wholemodule;
				SWIFT_OPTIMIZATION_LEVEL = "-O";
				VALIDATE_PRODUCT = YES;
			};
			name = Release;
		};
		6217C1F5263EE6A60092A20F /* Debug */ = {
			isa = XCBuildConfiguration;
			buildSettings = {
				ASSETCATALOG_COMPILER_APPICON_NAME = AppIcon;
				ASSETCATALOG_COMPILER_GLOBAL_ACCENT_COLOR_NAME = AccentColor;
				CODE_SIGN_STYLE = Automatic;
				DEVELOPMENT_ASSET_PATHS = "\"MonopolySwiftUI/Preview Content\"";
				DEVELOPMENT_TEAM = BHK6GKSTYP;
				ENABLE_PREVIEWS = YES;
				INFOPLIST_FILE = MonopolySwiftUI/Info.plist;
				IPHONEOS_DEPLOYMENT_TARGET = 14.0;
				LD_RUNPATH_SEARCH_PATHS = (
					"$(inherited)",
					"@executable_path/Frameworks",
				);
				PRODUCT_BUNDLE_IDENTIFIER = com.ARNV.SwiftUIMonopoly;
				PRODUCT_NAME = "$(TARGET_NAME)";
				SWIFT_VERSION = 5.0;
				TARGETED_DEVICE_FAMILY = 1;
			};
			name = Debug;
		};
		6217C1F6263EE6A60092A20F /* Release */ = {
			isa = XCBuildConfiguration;
			buildSettings = {
				ASSETCATALOG_COMPILER_APPICON_NAME = AppIcon;
				ASSETCATALOG_COMPILER_GLOBAL_ACCENT_COLOR_NAME = AccentColor;
				CODE_SIGN_STYLE = Automatic;
				DEVELOPMENT_ASSET_PATHS = "\"MonopolySwiftUI/Preview Content\"";
				DEVELOPMENT_TEAM = BHK6GKSTYP;
				ENABLE_PREVIEWS = YES;
				INFOPLIST_FILE = MonopolySwiftUI/Info.plist;
				IPHONEOS_DEPLOYMENT_TARGET = 14.0;
				LD_RUNPATH_SEARCH_PATHS = (
					"$(inherited)",
					"@executable_path/Frameworks",
				);
				PRODUCT_BUNDLE_IDENTIFIER = com.ARNV.SwiftUIMonopoly;
				PRODUCT_NAME = "$(TARGET_NAME)";
				SWIFT_VERSION = 5.0;
				TARGETED_DEVICE_FAMILY = 1;
			};
			name = Release;
		};
/* End XCBuildConfiguration section */

/* Begin XCConfigurationList section */
		6217C1E0263EE6A10092A20F /* Build configuration list for PBXProject "MonopolySwiftUI" */ = {
			isa = XCConfigurationList;
			buildConfigurations = (
				6217C1F2263EE6A50092A20F /* Debug */,
				6217C1F3263EE6A50092A20F /* Release */,
			);
			defaultConfigurationIsVisible = 0;
			defaultConfigurationName = Release;
		};
		6217C1F4263EE6A60092A20F /* Build configuration list for PBXNativeTarget "MonopolySwiftUI" */ = {
			isa = XCConfigurationList;
			buildConfigurations = (
				6217C1F5263EE6A60092A20F /* Debug */,
				6217C1F6263EE6A60092A20F /* Release */,
			);
			defaultConfigurationIsVisible = 0;
			defaultConfigurationName = Release;
		};
/* End XCConfigurationList section */
	};
	rootObject = 6217C1DD263EE6A10092A20F /* Project object */;
}
